
Microsoft Visual Studio Solution File, Format Version 12.00
# Visual Studio Version 17
VisualStudioVersion = 17.4.33110.190
MinimumVisualStudioVersion = 10.0.40219.1
Project("{FAE04EC0-301F-11D3-BF4B-00C04F79EFBC}") = "crudmarco", "Wpf_Crud_MSAccess\crudmarco.csproj", "{7D9D6E8A-24A8-437A-9267-481E37C675B2}"
EndProject
Global
	GlobalSection(SolutionConfigurationPlatforms) = preSolution
		Debug|Any CPU = Debug|Any CPU
		Release|Any CPU = Release|Any CPU
	EndGlobalSection
	GlobalSection(ProjectConfigurationPlatforms) = postSolution
		{7D9D6E8A-24A8-437A-9267-481E37C675B2}.Debug|Any CPU.ActiveCfg = Debug|Any CPU
		{7D9D6E8A-24A8-437A-9267-481E37C675B2}.Debug|Any CPU.Build.0 = Debug|Any CPU
		{7D9D6E8A-24A8-437A-9267-481E37C675B2}.Release|Any CPU.ActiveCfg = Release|Any CPU
		{7D9D6E8A-24A8-437A-9267-481E37C675B2}.Release|Any CPU.Build.0 = Release|Any CPU
	EndGlobalSection
	GlobalSection(SolutionProperties) = preSolution
		HideSolutionNode = FALSE
	EndGlobalSection
	GlobalSection(ExtensibilityGlobals) = postSolution
		SolutionGuid = {89B15F8C-271C-463C-BA9F-8BED919A7BE4}
	EndGlobalSection
EndGlobal
